// !$*UTF8*$!
{
	archiveVersion = 1;
	classes = {
	};
	objectVersion = 77;
	objects = {

/* Begin PBXBuildFile section */
		5F68697B2DB632A500C61387 /* WidgetKit.framework in Frameworks */ = {isa = PBXBuildFile; fileRef = 5F68697A2DB632A500C61387 /* WidgetKit.framework */; };
		5F68697D2DB632A500C61387 /* SwiftUI.framework in Frameworks */ = {isa = PBXBuildFile; fileRef = 5F68697C2DB632A500C61387 /* SwiftUI.framework */; };
		5F68698E2DB632A700C61387 /* TimetableWidigetExtension.appex in Embed Foundation Extensions */ = {isa = PBXBuildFile; fileRef = 5F6869782DB632A500C61387 /* TimetableWidigetExtension.appex */; settings = {ATTRIBUTES = (RemoveHeadersOnCopy, ); }; };
		5F78904F2DB13B48003A50B1 /* TimeScheduleData.xcdatamodeld in Sources */ = {isa = PBXBuildFile; fileRef = 5F78904D2DB13B48003A50B1 /* TimeScheduleData.xcdatamodeld */; };
/* End PBXBuildFile section */

/* Begin PBXContainerItemProxy section */
		5F5C00802DB129E400B36824 /* PBXContainerItemProxy */ = {
			isa = PBXContainerItemProxy;
			containerPortal = 5F5C006A2DB129E200B36824 /* Project object */;
			proxyType = 1;
			remoteGlobalIDString = 5F5C00712DB129E200B36824;
			remoteInfo = Timeschedule;
		};
		5F5C008A2DB129E400B36824 /* PBXContainerItemProxy */ = {
			isa = PBXContainerItemProxy;
			containerPortal = 5F5C006A2DB129E200B36824 /* Project object */;
			proxyType = 1;
			remoteGlobalIDString = 5F5C00712DB129E200B36824;
			remoteInfo = Timeschedule;
		};
		5F68698C2DB632A700C61387 /* PBXContainerItemProxy */ = {
			isa = PBXContainerItemProxy;
			containerPortal = 5F5C006A2DB129E200B36824 /* Project object */;
			proxyType = 1;
			remoteGlobalIDString = 5F6869772DB632A500C61387;
			remoteInfo = TimetableWidigetExtension;
		};
/* End PBXContainerItemProxy section */

/* Begin PBXCopyFilesBuildPhase section */
		5F6869932DB632A700C61387 /* Embed Foundation Extensions */ = {
			isa = PBXCopyFilesBuildPhase;
			buildActionMask = 2147483647;
			dstPath = "";
			dstSubfolderSpec = 13;
			files = (
				5F68698E2DB632A700C61387 /* TimetableWidigetExtension.appex in Embed Foundation Extensions */,
			);
			name = "Embed Foundation Extensions";
			runOnlyForDeploymentPostprocessing = 0;
		};
/* End PBXCopyFilesBuildPhase section */

/* Begin PBXFileReference section */
		5F5C00722DB129E200B36824 /* Timeschedule.app */ = {isa = PBXFileReference; explicitFileType = wrapper.application; includeInIndex = 0; path = Timeschedule.app; sourceTree = BUILT_PRODUCTS_DIR; };
		5F5C007F2DB129E400B36824 /* TimescheduleTests.xctest */ = {isa = PBXFileReference; explicitFileType = wrapper.cfbundle; includeInIndex = 0; path = TimescheduleTests.xctest; sourceTree = BUILT_PRODUCTS_DIR; };
		5F5C00892DB129E400B36824 /* TimescheduleUITests.xctest */ = {isa = PBXFileReference; explicitFileType = wrapper.cfbundle; includeInIndex = 0; path = TimescheduleUITests.xctest; sourceTree = BUILT_PRODUCTS_DIR; };
		5F6869782DB632A500C61387 /* TimetableWidigetExtension.appex */ = {isa = PBXFileReference; explicitFileType = "wrapper.app-extension"; includeInIndex = 0; path = TimetableWidigetExtension.appex; sourceTree = BUILT_PRODUCTS_DIR; };
		5F68697A2DB632A500C61387 /* WidgetKit.framework */ = {isa = PBXFileReference; lastKnownFileType = wrapper.framework; name = WidgetKit.framework; path = System/Library/Frameworks/WidgetKit.framework; sourceTree = SDKROOT; };
		5F68697C2DB632A500C61387 /* SwiftUI.framework */ = {isa = PBXFileReference; lastKnownFileType = wrapper.framework; name = SwiftUI.framework; path = System/Library/Frameworks/SwiftUI.framework; sourceTree = SDKROOT; };
		5F6869942DB632AF00C61387 /* TimetableWidigetExtension.entitlements */ = {isa = PBXFileReference; lastKnownFileType = text.plist.entitlements; path = TimetableWidigetExtension.entitlements; sourceTree = "<group>"; };
		5F78904E2DB13B48003A50B1 /* TimeScheduleData.xcdatamodel */ = {isa = PBXFileReference; lastKnownFileType = wrapper.xcdatamodel; path = TimeScheduleData.xcdatamodel; sourceTree = "<group>"; };
/* End PBXFileReference section */

/* Begin PBXFileSystemSynchronizedBuildFileExceptionSet section */
		5F68698F2DB632A700C61387 /* Exceptions for "TimetableWidiget" folder in "TimetableWidigetExtension" target */ = {
			isa = PBXFileSystemSynchronizedBuildFileExceptionSet;
			membershipExceptions = (
				Info.plist,
			);
			target = 5F6869772DB632A500C61387 /* TimetableWidigetExtension */;
		};
/* End PBXFileSystemSynchronizedBuildFileExceptionSet section */

/* Begin PBXFileSystemSynchronizedRootGroup section */
		5F5C00742DB129E200B36824 /* Timeschedule */ = {
			isa = PBXFileSystemSynchronizedRootGroup;
			path = Timeschedule;
			sourceTree = "<group>";
		};
		5F5C00822DB129E400B36824 /* TimescheduleTests */ = {
			isa = PBXFileSystemSynchronizedRootGroup;
			path = TimescheduleTests;
			sourceTree = "<group>";
		};
		5F5C008C2DB129E400B36824 /* TimescheduleUITests */ = {
			isa = PBXFileSystemSynchronizedRootGroup;
			path = TimescheduleUITests;
			sourceTree = "<group>";
		};
		5F68697E2DB632A500C61387 /* TimetableWidiget */ = {
			isa = PBXFileSystemSynchronizedRootGroup;
			exceptions = (
				5F68698F2DB632A700C61387 /* Exceptions for "TimetableWidiget" folder in "TimetableWidigetExtension" target */,
			);
			path = TimetableWidiget;
			sourceTree = "<group>";
		};
/* End PBXFileSystemSynchronizedRootGroup section */

/* Begin PBXFrameworksBuildPhase section */
		5F5C006F2DB129E200B36824 /* Frameworks */ = {
			isa = PBXFrameworksBuildPhase;
			buildActionMask = 2147483647;
			files = (
			);
			runOnlyForDeploymentPostprocessing = 0;
		};
		5F5C007C2DB129E400B36824 /* Frameworks */ = {
			isa = PBXFrameworksBuildPhase;
			buildActionMask = 2147483647;
			files = (
			);
			runOnlyForDeploymentPostprocessing = 0;
		};
		5F5C00862DB129E400B36824 /* Frameworks */ = {
			isa = PBXFrameworksBuildPhase;
			buildActionMask = 2147483647;
			files = (
			);
			runOnlyForDeploymentPostprocessing = 0;
		};
		5F6869752DB632A500C61387 /* Frameworks */ = {
			isa = PBXFrameworksBuildPhase;
			buildActionMask = 2147483647;
			files = (
				5F68697D2DB632A500C61387 /* SwiftUI.framework in Frameworks */,
				5F68697B2DB632A500C61387 /* WidgetKit.framework in Frameworks */,
			);
			runOnlyForDeploymentPostprocessing = 0;
		};
/* End PBXFrameworksBuildPhase section */

/* Begin PBXGroup section */
		5F5C00692DB129E200B36824 = {
			isa = PBXGroup;
			children = (
				5F6869942DB632AF00C61387 /* TimetableWidigetExtension.entitlements */,
				5F5C00742DB129E200B36824 /* Timeschedule */,
				5F5C00822DB129E400B36824 /* TimescheduleTests */,
				5F5C008C2DB129E400B36824 /* TimescheduleUITests */,
				5F68697E2DB632A500C61387 /* TimetableWidiget */,
				5F6869792DB632A500C61387 /* Frameworks */,
				5F5C00732DB129E200B36824 /* Products */,
				5F78904D2DB13B48003A50B1 /* TimeScheduleData.xcdatamodeld */,
			);
			sourceTree = "<group>";
		};
		5F5C00732DB129E200B36824 /* Products */ = {
			isa = PBXGroup;
			children = (
				5F5C00722DB129E200B36824 /* Timeschedule.app */,
				5F5C007F2DB129E400B36824 /* TimescheduleTests.xctest */,
				5F5C00892DB129E400B36824 /* TimescheduleUITests.xctest */,
				5F6869782DB632A500C61387 /* TimetableWidigetExtension.appex */,
			);
			name = Products;
			sourceTree = "<group>";
		};
		5F6869792DB632A500C61387 /* Frameworks */ = {
			isa = PBXGroup;
			children = (
				5F68697A2DB632A500C61387 /* WidgetKit.framework */,
				5F68697C2DB632A500C61387 /* SwiftUI.framework */,
			);
			name = Frameworks;
			sourceTree = "<group>";
		};
/* End PBXGroup section */

/* Begin PBXNativeTarget section */
		5F5C00712DB129E200B36824 /* Timeschedule */ = {
			isa = PBXNativeTarget;
			buildConfigurationList = 5F5C00932DB129E400B36824 /* Build configuration list for PBXNativeTarget "Timeschedule" */;
			buildPhases = (
				5F5C006E2DB129E200B36824 /* Sources */,
				5F5C006F2DB129E200B36824 /* Frameworks */,
				5F5C00702DB129E200B36824 /* Resources */,
				5F6869932DB632A700C61387 /* Embed Foundation Extensions */,
			);
			buildRules = (
			);
			dependencies = (
				5F68698D2DB632A700C61387 /* PBXTargetDependency */,
			);
			fileSystemSynchronizedGroups = (
				5F5C00742DB129E200B36824 /* Timeschedule */,
			);
			name = Timeschedule;
			packageProductDependencies = (
			);
			productName = Timeschedule;
			productReference = 5F5C00722DB129E200B36824 /* Timeschedule.app */;
			productType = "com.apple.product-type.application";
		};
		5F5C007E2DB129E400B36824 /* TimescheduleTests */ = {
			isa = PBXNativeTarget;
			buildConfigurationList = 5F5C00962DB129E400B36824 /* Build configuration list for PBXNativeTarget "TimescheduleTests" */;
			buildPhases = (
				5F5C007B2DB129E400B36824 /* Sources */,
				5F5C007C2DB129E400B36824 /* Frameworks */,
				5F5C007D2DB129E400B36824 /* Resources */,
			);
			buildRules = (
			);
			dependencies = (
				5F5C00812DB129E400B36824 /* PBXTargetDependency */,
			);
			fileSystemSynchronizedGroups = (
				5F5C00822DB129E400B36824 /* TimescheduleTests */,
			);
			name = TimescheduleTests;
			packageProductDependencies = (
			);
			productName = TimescheduleTests;
			productReference = 5F5C007F2DB129E400B36824 /* TimescheduleTests.xctest */;
			productType = "com.apple.product-type.bundle.unit-test";
		};
		5F5C00882DB129E400B36824 /* TimescheduleUITests */ = {
			isa = PBXNativeTarget;
			buildConfigurationList = 5F5C00992DB129E400B36824 /* Build configuration list for PBXNativeTarget "TimescheduleUITests" */;
			buildPhases = (
				5F5C00852DB129E400B36824 /* Sources */,
				5F5C00862DB129E400B36824 /* Frameworks */,
				5F5C00872DB129E400B36824 /* Resources */,
			);
			buildRules = (
			);
			dependencies = (
				5F5C008B2DB129E400B36824 /* PBXTargetDependency */,
			);
			fileSystemSynchronizedGroups = (
				5F5C008C2DB129E400B36824 /* TimescheduleUITests */,
			);
			name = TimescheduleUITests;
			packageProductDependencies = (
			);
			productName = TimescheduleUITests;
			productReference = 5F5C00892DB129E400B36824 /* TimescheduleUITests.xctest */;
			productType = "com.apple.product-type.bundle.ui-testing";
		};
		5F6869772DB632A500C61387 /* TimetableWidigetExtension */ = {
			isa = PBXNativeTarget;
			buildConfigurationList = 5F6869902DB632A700C61387 /* Build configuration list for PBXNativeTarget "TimetableWidigetExtension" */;
			buildPhases = (
				5F6869742DB632A500C61387 /* Sources */,
				5F6869752DB632A500C61387 /* Frameworks */,
				5F6869762DB632A500C61387 /* Resources */,
			);
			buildRules = (
			);
			dependencies = (
			);
			fileSystemSynchronizedGroups = (
				5F68697E2DB632A500C61387 /* TimetableWidiget */,
			);
			name = TimetableWidigetExtension;
			packageProductDependencies = (
			);
			productName = TimetableWidigetExtension;
			productReference = 5F6869782DB632A500C61387 /* TimetableWidigetExtension.appex */;
			productType = "com.apple.product-type.app-extension";
		};
/* End PBXNativeTarget section */

/* Begin PBXProject section */
		5F5C006A2DB129E200B36824 /* Project object */ = {
			isa = PBXProject;
			attributes = {
				BuildIndependentTargetsInParallel = 1;
				LastSwiftUpdateCheck = 1630;
				LastUpgradeCheck = 1630;
				TargetAttributes = {
					5F5C00712DB129E200B36824 = {
						CreatedOnToolsVersion = 16.3;
					};
					5F5C007E2DB129E400B36824 = {
						CreatedOnToolsVersion = 16.3;
						TestTargetID = 5F5C00712DB129E200B36824;
					};
					5F5C00882DB129E400B36824 = {
						CreatedOnToolsVersion = 16.3;
						TestTargetID = 5F5C00712DB129E200B36824;
					};
					5F6869772DB632A500C61387 = {
						CreatedOnToolsVersion = 16.3;
					};
				};
			};
			buildConfigurationList = 5F5C006D2DB129E200B36824 /* Build configuration list for PBXProject "Timeschedule" */;
			developmentRegion = en;
			hasScannedForEncodings = 0;
			knownRegions = (
				en,
				Base,
			);
			mainGroup = 5F5C00692DB129E200B36824;
			minimizedProjectReferenceProxies = 1;
			preferredProjectObjectVersion = 77;
			productRefGroup = 5F5C00732DB129E200B36824 /* Products */;
			projectDirPath = "";
			projectRoot = "";
			targets = (
				5F5C00712DB129E200B36824 /* Timeschedule */,
				5F5C007E2DB129E400B36824 /* TimescheduleTests */,
				5F5C00882DB129E400B36824 /* TimescheduleUITests */,
				5F6869772DB632A500C61387 /* TimetableWidigetExtension */,
			);
		};
/* End PBXProject section */

/* Begin PBXResourcesBuildPhase section */
		5F5C00702DB129E200B36824 /* Resources */ = {
			isa = PBXResourcesBuildPhase;
			buildActionMask = 2147483647;
			files = (
			);
			runOnlyForDeploymentPostprocessing = 0;
		};
		5F5C007D2DB129E400B36824 /* Resources */ = {
			isa = PBXResourcesBuildPhase;
			buildActionMask = 2147483647;
			files = (
			);
			runOnlyForDeploymentPostprocessing = 0;
		};
		5F5C00872DB129E400B36824 /* Resources */ = {
			isa = PBXResourcesBuildPhase;
			buildActionMask = 2147483647;
			files = (
			);
			runOnlyForDeploymentPostprocessing = 0;
		};
		5F6869762DB632A500C61387 /* Resources */ = {
			isa = PBXResourcesBuildPhase;
			buildActionMask = 2147483647;
			files = (
			);
			runOnlyForDeploymentPostprocessing = 0;
		};
/* End PBXResourcesBuildPhase section */

/* Begin PBXSourcesBuildPhase section */
		5F5C006E2DB129E200B36824 /* Sources */ = {
			isa = PBXSourcesBuildPhase;
			buildActionMask = 2147483647;
			files = (
				5F78904F2DB13B48003A50B1 /* TimeScheduleData.xcdatamodeld in Sources */,
			);
			runOnlyForDeploymentPostprocessing = 0;
		};
		5F5C007B2DB129E400B36824 /* Sources */ = {
			isa = PBXSourcesBuildPhase;
			buildActionMask = 2147483647;
			files = (
			);
			runOnlyForDeploymentPostprocessing = 0;
		};
		5F5C00852DB129E400B36824 /* Sources */ = {
			isa = PBXSourcesBuildPhase;
			buildActionMask = 2147483647;
			files = (
			);
			runOnlyForDeploymentPostprocessing = 0;
		};
		5F6869742DB632A500C61387 /* Sources */ = {
			isa = PBXSourcesBuildPhase;
			buildActionMask = 2147483647;
			files = (
			);
			runOnlyForDeploymentPostprocessing = 0;
		};
/* End PBXSourcesBuildPhase section */

/* Begin PBXTargetDependency section */
		5F5C00812DB129E400B36824 /* PBXTargetDependency */ = {
			isa = PBXTargetDependency;
			target = 5F5C00712DB129E200B36824 /* Timeschedule */;
			targetProxy = 5F5C00802DB129E400B36824 /* PBXContainerItemProxy */;
		};
		5F5C008B2DB129E400B36824 /* PBXTargetDependency */ = {
			isa = PBXTargetDependency;
			target = 5F5C00712DB129E200B36824 /* Timeschedule */;
			targetProxy = 5F5C008A2DB129E400B36824 /* PBXContainerItemProxy */;
		};
		5F68698D2DB632A700C61387 /* PBXTargetDependency */ = {
			isa = PBXTargetDependency;
			target = 5F6869772DB632A500C61387 /* TimetableWidigetExtension */;
			targetProxy = 5F68698C2DB632A700C61387 /* PBXContainerItemProxy */;
		};
/* End PBXTargetDependency section */

/* Begin XCBuildConfiguration section */
		5F5C00912DB129E400B36824 /* Debug */ = {
			isa = XCBuildConfiguration;
			buildSettings = {
				ALWAYS_SEARCH_USER_PATHS = NO;
				ASSETCATALOG_COMPILER_GENERATE_SWIFT_ASSET_SYMBOL_EXTENSIONS = YES;
				CLANG_ANALYZER_NONNULL = YES;
				CLANG_ANALYZER_NUMBER_OBJECT_CONVERSION = YES_AGGRESSIVE;
				CLANG_CXX_LANGUAGE_STANDARD = "gnu++20";
				CLANG_ENABLE_MODULES = YES;
				CLANG_ENABLE_OBJC_ARC = YES;
				CLANG_ENABLE_OBJC_WEAK = YES;
				CLANG_WARN_BLOCK_CAPTURE_AUTORELEASING = YES;
				CLANG_WARN_BOOL_CONVERSION = YES;
				CLANG_WARN_COMMA = YES;
				CLANG_WARN_CONSTANT_CONVERSION = YES;
				CLANG_WARN_DEPRECATED_OBJC_IMPLEMENTATIONS = YES;
				CLANG_WARN_DIRECT_OBJC_ISA_USAGE = YES_ERROR;
				CLANG_WARN_DOCUMENTATION_COMMENTS = YES;
				CLANG_WARN_EMPTY_BODY = YES;
				CLANG_WARN_ENUM_CONVERSION = YES;
				CLANG_WARN_INFINITE_RECURSION = YES;
				CLANG_WARN_INT_CONVERSION = YES;
				CLANG_WARN_NON_LITERAL_NULL_CONVERSION = YES;
				CLANG_WARN_OBJC_IMPLICIT_RETAIN_SELF = YES;
				CLANG_WARN_OBJC_LITERAL_CONVERSION = YES;
				CLANG_WARN_OBJC_ROOT_CLASS = YES_ERROR;
				CLANG_WARN_QUOTED_INCLUDE_IN_FRAMEWORK_HEADER = YES;
				CLANG_WARN_RANGE_LOOP_ANALYSIS = YES;
				CLANG_WARN_STRICT_PROTOTYPES = YES;
				CLANG_WARN_SUSPICIOUS_MOVE = YES;
				CLANG_WARN_UNGUARDED_AVAILABILITY = YES_AGGRESSIVE;
				CLANG_WARN_UNREACHABLE_CODE = YES;
				CLANG_WARN__DUPLICATE_METHOD_MATCH = YES;
				COPY_PHASE_STRIP = NO;
				DEBUG_INFORMATION_FORMAT = dwarf;
				ENABLE_STRICT_OBJC_MSGSEND = YES;
				ENABLE_TESTABILITY = YES;
				ENABLE_USER_SCRIPT_SANDBOXING = YES;
				GCC_C_LANGUAGE_STANDARD = gnu17;
				GCC_DYNAMIC_NO_PIC = NO;
				GCC_NO_COMMON_BLOCKS = YES;
				GCC_OPTIMIZATION_LEVEL = 0;
				GCC_PREPROCESSOR_DEFINITIONS = (
					"DEBUG=1",
					"$(inherited)",
				);
				GCC_WARN_64_TO_32_BIT_CONVERSION = YES;
				GCC_WARN_ABOUT_RETURN_TYPE = YES_ERROR;
				GCC_WARN_UNDECLARED_SELECTOR = YES;
				GCC_WARN_UNINITIALIZED_AUTOS = YES_AGGRESSIVE;
				GCC_WARN_UNUSED_FUNCTION = YES;
				GCC_WARN_UNUSED_VARIABLE = YES;
				IPHONEOS_DEPLOYMENT_TARGET = 18.4;
				LOCALIZATION_PREFERS_STRING_CATALOGS = YES;
				MTL_ENABLE_DEBUG_INFO = INCLUDE_SOURCE;
				MTL_FAST_MATH = YES;
				ONLY_ACTIVE_ARCH = YES;
				SDKROOT = iphoneos;
				SWIFT_ACTIVE_COMPILATION_CONDITIONS = "DEBUG $(inherited)";
				SWIFT_OPTIMIZATION_LEVEL = "-Onone";
			};
			name = Debug;
		};
		5F5C00922DB129E400B36824 /* Release */ = {
			isa = XCBuildConfiguration;
			buildSettings = {
				ALWAYS_SEARCH_USER_PATHS = NO;
				ASSETCATALOG_COMPILER_GENERATE_SWIFT_ASSET_SYMBOL_EXTENSIONS = YES;
				CLANG_ANALYZER_NONNULL = YES;
				CLANG_ANALYZER_NUMBER_OBJECT_CONVERSION = YES_AGGRESSIVE;
				CLANG_CXX_LANGUAGE_STANDARD = "gnu++20";
				CLANG_ENABLE_MODULES = YES;
				CLANG_ENABLE_OBJC_ARC = YES;
				CLANG_ENABLE_OBJC_WEAK = YES;
				CLANG_WARN_BLOCK_CAPTURE_AUTORELEASING = YES;
				CLANG_WARN_BOOL_CONVERSION = YES;
				CLANG_WARN_COMMA = YES;
				CLANG_WARN_CONSTANT_CONVERSION = YES;
				CLANG_WARN_DEPRECATED_OBJC_IMPLEMENTATIONS = YES;
				CLANG_WARN_DIRECT_OBJC_ISA_USAGE = YES_ERROR;
				CLANG_WARN_DOCUMENTATION_COMMENTS = YES;
				CLANG_WARN_EMPTY_BODY = YES;
				CLANG_WARN_ENUM_CONVERSION = YES;
				CLANG_WARN_INFINITE_RECURSION = YES;
				CLANG_WARN_INT_CONVERSION = YES;
				CLANG_WARN_NON_LITERAL_NULL_CONVERSION = YES;
				CLANG_WARN_OBJC_IMPLICIT_RETAIN_SELF = YES;
				CLANG_WARN_OBJC_LITERAL_CONVERSION = YES;
				CLANG_WARN_OBJC_ROOT_CLASS = YES_ERROR;
				CLANG_WARN_QUOTED_INCLUDE_IN_FRAMEWORK_HEADER = YES;
				CLANG_WARN_RANGE_LOOP_ANALYSIS = YES;
				CLANG_WARN_STRICT_PROTOTYPES = YES;
				CLANG_WARN_SUSPICIOUS_MOVE = YES;
				CLANG_WARN_UNGUARDED_AVAILABILITY = YES_AGGRESSIVE;
				CLANG_WARN_UNREACHABLE_CODE = YES;
				CLANG_WARN__DUPLICATE_METHOD_MATCH = YES;
				COPY_PHASE_STRIP = NO;
				DEBUG_INFORMATION_FORMAT = "dwarf-with-dsym";
				ENABLE_NS_ASSERTIONS = NO;
				ENABLE_STRICT_OBJC_MSGSEND = YES;
				ENABLE_USER_SCRIPT_SANDBOXING = YES;
				GCC_C_LANGUAGE_STANDARD = gnu17;
				GCC_NO_COMMON_BLOCKS = YES;
				GCC_WARN_64_TO_32_BIT_CONVERSION = YES;
				GCC_WARN_ABOUT_RETURN_TYPE = YES_ERROR;
				GCC_WARN_UNDECLARED_SELECTOR = YES;
				GCC_WARN_UNINITIALIZED_AUTOS = YES_AGGRESSIVE;
				GCC_WARN_UNUSED_FUNCTION = YES;
				GCC_WARN_UNUSED_VARIABLE = YES;
				IPHONEOS_DEPLOYMENT_TARGET = 18.4;
				LOCALIZATION_PREFERS_STRING_CATALOGS = YES;
				MTL_ENABLE_DEBUG_INFO = NO;
				MTL_FAST_MATH = YES;
				SDKROOT = iphoneos;
				SWIFT_COMPILATION_MODE = wholemodule;
				VALIDATE_PRODUCT = YES;
			};
			name = Release;
		};
		5F5C00942DB129E400B36824 /* Debug */ = {
			isa = XCBuildConfiguration;
			buildSettings = {
				ASSETCATALOG_COMPILER_APPICON_NAME = AppIcon;
				ASSETCATALOG_COMPILER_GLOBAL_ACCENT_COLOR_NAME = AccentColor;
				CODE_SIGN_ENTITLEMENTS = Timeschedule/Timeschedule.entitlements;
				CODE_SIGN_STYLE = Automatic;
				CURRENT_PROJECT_VERSION = 1;
				DEVELOPMENT_TEAM = 724B95MF6D;
				ENABLE_PREVIEWS = YES;
				GENERATE_INFOPLIST_FILE = YES;
				INFOPLIST_KEY_NSCalendarsUsageDescription = "特殊時程の設定のためにカレンダーへのアクセス権限が必要です";
				INFOPLIST_KEY_UIApplicationSceneManifest_Generation = YES;
				INFOPLIST_KEY_UIApplicationSupportsIndirectInputEvents = YES;
				INFOPLIST_KEY_UILaunchScreen_Generation = YES;
				INFOPLIST_KEY_UISupportedInterfaceOrientations_iPad = "UIInterfaceOrientationPortrait UIInterfaceOrientationPortraitUpsideDown UIInterfaceOrientationLandscapeLeft UIInterfaceOrientationLandscapeRight";
				INFOPLIST_KEY_UISupportedInterfaceOrientations_iPhone = "UIInterfaceOrientationPortrait UIInterfaceOrientationLandscapeLeft UIInterfaceOrientationLandscapeRight";
				LD_RUNPATH_SEARCH_PATHS = (
					"$(inherited)",
					"@executable_path/Frameworks",
				);
				MARKETING_VERSION = 1.0;
				PRODUCT_BUNDLE_IDENTIFIER = com.kanhina.Timeschedule;
				PRODUCT_NAME = "$(TARGET_NAME)";
				SWIFT_EMIT_LOC_STRINGS = YES;
				SWIFT_VERSION = 5.0;
				TARGETED_DEVICE_FAMILY = "1,2";
			};
			name = Debug;
		};
		5F5C00952DB129E400B36824 /* Release */ = {
			isa = XCBuildConfiguration;
			buildSettings = {
				ASSETCATALOG_COMPILER_APPICON_NAME = AppIcon;
				ASSETCATALOG_COMPILER_GLOBAL_ACCENT_COLOR_NAME = AccentColor;
				CODE_SIGN_ENTITLEMENTS = Timeschedule/Timeschedule.entitlements;
				CODE_SIGN_STYLE = Automatic;
				CURRENT_PROJECT_VERSION = 1;
				DEVELOPMENT_TEAM = 724B95MF6D;
				ENABLE_PREVIEWS = YES;
				GENERATE_INFOPLIST_FILE = YES;
				INFOPLIST_KEY_NSCalendarsUsageDescription = "特殊時程の設定のためにカレンダーへのアクセス権限が必要です";
				INFOPLIST_KEY_UIApplicationSceneManifest_Generation = YES;
				INFOPLIST_KEY_UIApplicationSupportsIndirectInputEvents = YES;
				INFOPLIST_KEY_UILaunchScreen_Generation = YES;
				INFOPLIST_KEY_UISupportedInterfaceOrientations_iPad = "UIInterfaceOrientationPortrait UIInterfaceOrientationPortraitUpsideDown UIInterfaceOrientationLandscapeLeft UIInterfaceOrientationLandscapeRight";
				INFOPLIST_KEY_UISupportedInterfaceOrientations_iPhone = "UIInterfaceOrientationPortrait UIInterfaceOrientationLandscapeLeft UIInterfaceOrientationLandscapeRight";
				LD_RUNPATH_SEARCH_PATHS = (
					"$(inherited)",
					"@executable_path/Frameworks",
				);
				MARKETING_VERSION = 1.0;
				PRODUCT_BUNDLE_IDENTIFIER = com.kanhina.Timeschedule;
				PRODUCT_NAME = "$(TARGET_NAME)";
				SWIFT_EMIT_LOC_STRINGS = YES;
				SWIFT_VERSION = 5.0;
				TARGETED_DEVICE_FAMILY = "1,2";
			};
			name = Release;
		};
		5F5C00972DB129E400B36824 /* Debug */ = {
			isa = XCBuildConfiguration;
			buildSettings = {
				BUNDLE_LOADER = "$(TEST_HOST)";
				CODE_SIGN_STYLE = Automatic;
				CURRENT_PROJECT_VERSION = 1;
				DEVELOPMENT_TEAM = 724B95MF6D;
				GENERATE_INFOPLIST_FILE = YES;
				IPHONEOS_DEPLOYMENT_TARGET = 18.4;
				MARKETING_VERSION = 1.0;
				PRODUCT_BUNDLE_IDENTIFIER = com.kanhina.TimescheduleTests;
				PRODUCT_NAME = "$(TARGET_NAME)";
				SWIFT_EMIT_LOC_STRINGS = NO;
				SWIFT_VERSION = 5.0;
				TARGETED_DEVICE_FAMILY = "1,2";
				TEST_HOST = "$(BUILT_PRODUCTS_DIR)/Timeschedule.app/$(BUNDLE_EXECUTABLE_FOLDER_PATH)/Timeschedule";
			};
			name = Debug;
		};
		5F5C00982DB129E400B36824 /* Release */ = {
			isa = XCBuildConfiguration;
			buildSettings = {
				BUNDLE_LOADER = "$(TEST_HOST)";
				CODE_SIGN_STYLE = Automatic;
				CURRENT_PROJECT_VERSION = 1;
				DEVELOPMENT_TEAM = 724B95MF6D;
				GENERATE_INFOPLIST_FILE = YES;
				IPHONEOS_DEPLOYMENT_TARGET = 18.4;
				MARKETING_VERSION = 1.0;
				PRODUCT_BUNDLE_IDENTIFIER = com.kanhina.TimescheduleTests;
				PRODUCT_NAME = "$(TARGET_NAME)";
				SWIFT_EMIT_LOC_STRINGS = NO;
				SWIFT_VERSION = 5.0;
				TARGETED_DEVICE_FAMILY = "1,2";
				TEST_HOST = "$(BUILT_PRODUCTS_DIR)/Timeschedule.app/$(BUNDLE_EXECUTABLE_FOLDER_PATH)/Timeschedule";
			};
			name = Release;
		};
		5F5C009A2DB129E400B36824 /* Debug */ = {
			isa = XCBuildConfiguration;
			buildSettings = {
				CODE_SIGN_STYLE = Automatic;
				CURRENT_PROJECT_VERSION = 1;
				DEVELOPMENT_TEAM = 724B95MF6D;
				GENERATE_INFOPLIST_FILE = YES;
				MARKETING_VERSION = 1.0;
				PRODUCT_BUNDLE_IDENTIFIER = com.kanhina.TimescheduleUITests;
				PRODUCT_NAME = "$(TARGET_NAME)";
				SWIFT_EMIT_LOC_STRINGS = NO;
				SWIFT_VERSION = 5.0;
				TARGETED_DEVICE_FAMILY = "1,2";
				TEST_TARGET_NAME = Timeschedule;
			};
			name = Debug;
		};
		5F5C009B2DB129E400B36824 /* Release */ = {
			isa = XCBuildConfiguration;
			buildSettings = {
				CODE_SIGN_STYLE = Automatic;
				CURRENT_PROJECT_VERSION = 1;
				DEVELOPMENT_TEAM = 724B95MF6D;
				GENERATE_INFOPLIST_FILE = YES;
				MARKETING_VERSION = 1.0;
				PRODUCT_BUNDLE_IDENTIFIER = com.kanhina.TimescheduleUITests;
				PRODUCT_NAME = "$(TARGET_NAME)";
				SWIFT_EMIT_LOC_STRINGS = NO;
				SWIFT_VERSION = 5.0;
				TARGETED_DEVICE_FAMILY = "1,2";
				TEST_TARGET_NAME = Timeschedule;
			};
			name = Release;
		};
		5F6869912DB632A700C61387 /* Debug */ = {
			isa = XCBuildConfiguration;
			buildSettings = {
				ASSETCATALOG_COMPILER_GLOBAL_ACCENT_COLOR_NAME = AccentColor;
				ASSETCATALOG_COMPILER_WIDGET_BACKGROUND_COLOR_NAME = WidgetBackground;
				CODE_SIGN_ENTITLEMENTS = TimetableWidigetExtension.entitlements;
				CODE_SIGN_STYLE = Automatic;
				CURRENT_PROJECT_VERSION = 1;
				DEVELOPMENT_TEAM = 724B95MF6D;
				GENERATE_INFOPLIST_FILE = YES;
				INFOPLIST_FILE = TimetableWidiget/Info.plist;
				INFOPLIST_KEY_CFBundleDisplayName = TimetableWidiget;
				INFOPLIST_KEY_NSHumanReadableCopyright = "";
				LD_RUNPATH_SEARCH_PATHS = (
					"$(inherited)",
					"@executable_path/Frameworks",
					"@executable_path/../../Frameworks",
				);
				MARKETING_VERSION = 1.0;
				PRODUCT_BUNDLE_IDENTIFIER = com.kanhina.Timeschedule.TimetableWidiget;
				PRODUCT_NAME = "$(TARGET_NAME)";
				SKIP_INSTALL = YES;
				SWIFT_EMIT_LOC_STRINGS = YES;
				SWIFT_VERSION = 5.0;
				TARGETED_DEVICE_FAMILY = "1,2";
			};
			name = Debug;
		};
		5F6869922DB632A700C61387 /* Release */ = {
			isa = XCBuildConfiguration;
			buildSettings = {
				ASSETCATALOG_COMPILER_GLOBAL_ACCENT_COLOR_NAME = AccentColor;
				ASSETCATALOG_COMPILER_WIDGET_BACKGROUND_COLOR_NAME = WidgetBackground;
				CODE_SIGN_ENTITLEMENTS = TimetableWidigetExtension.entitlements;
				CODE_SIGN_STYLE = Automatic;
				CURRENT_PROJECT_VERSION = 1;
				DEVELOPMENT_TEAM = 724B95MF6D;
				GENERATE_INFOPLIST_FILE = YES;
				INFOPLIST_FILE = TimetableWidiget/Info.plist;
				INFOPLIST_KEY_CFBundleDisplayName = TimetableWidiget;
				INFOPLIST_KEY_NSHumanReadableCopyright = "";
				LD_RUNPATH_SEARCH_PATHS = (
					"$(inherited)",
					"@executable_path/Frameworks",
					"@executable_path/../../Frameworks",
				);
				MARKETING_VERSION = 1.0;
				PRODUCT_BUNDLE_IDENTIFIER = com.kanhina.Timeschedule.TimetableWidiget;
				PRODUCT_NAME = "$(TARGET_NAME)";
				SKIP_INSTALL = YES;
				SWIFT_EMIT_LOC_STRINGS = YES;
				SWIFT_VERSION = 5.0;
				TARGETED_DEVICE_FAMILY = "1,2";
			};
			name = Release;
		};
/* End XCBuildConfiguration section */

/* Begin XCConfigurationList section */
		5F5C006D2DB129E200B36824 /* Build configuration list for PBXProject "Timeschedule" */ = {
			isa = XCConfigurationList;
			buildConfigurations = (
				5F5C00912DB129E400B36824 /* Debug */,
				5F5C00922DB129E400B36824 /* Release */,
			);
			defaultConfigurationIsVisible = 0;
			defaultConfigurationName = Release;
		};
		5F5C00932DB129E400B36824 /* Build configuration list for PBXNativeTarget "Timeschedule" */ = {
			isa = XCConfigurationList;
			buildConfigurations = (
				5F5C00942DB129E400B36824 /* Debug */,
				5F5C00952DB129E400B36824 /* Release */,
			);
			defaultConfigurationIsVisible = 0;
			defaultConfigurationName = Release;
		};
		5F5C00962DB129E400B36824 /* Build configuration list for PBXNativeTarget "TimescheduleTests" */ = {
			isa = XCConfigurationList;
			buildConfigurations = (
				5F5C00972DB129E400B36824 /* Debug */,
				5F5C00982DB129E400B36824 /* Release */,
			);
			defaultConfigurationIsVisible = 0;
			defaultConfigurationName = Release;
		};
		5F5C00992DB129E400B36824 /* Build configuration list for PBXNativeTarget "TimescheduleUITests" */ = {
			isa = XCConfigurationList;
			buildConfigurations = (
				5F5C009A2DB129E400B36824 /* Debug */,
				5F5C009B2DB129E400B36824 /* Release */,
			);
			defaultConfigurationIsVisible = 0;
			defaultConfigurationName = Release;
		};
		5F6869902DB632A700C61387 /* Build configuration list for PBXNativeTarget "TimetableWidigetExtension" */ = {
			isa = XCConfigurationList;
			buildConfigurations = (
				5F6869912DB632A700C61387 /* Debug */,
				5F6869922DB632A700C61387 /* Release */,
			);
			defaultConfigurationIsVisible = 0;
			defaultConfigurationName = Release;
		};
/* End XCConfigurationList section */

/* Begin XCVersionGroup section */
		5F78904D2DB13B48003A50B1 /* TimeScheduleData.xcdatamodeld */ = {
			isa = XCVersionGroup;
			children = (
				5F78904E2DB13B48003A50B1 /* TimeScheduleData.xcdatamodel */,
			);
			currentVersion = 5F78904E2DB13B48003A50B1 /* TimeScheduleData.xcdatamodel */;
			path = TimeScheduleData.xcdatamodeld;
			sourceTree = "<group>";
			versionGroupType = wrapper.xcdatamodel;
		};
/* End XCVersionGroup section */
	};
	rootObject = 5F5C006A2DB129E200B36824 /* Project object */;
}
